// !$*UTF8*$!
{
	archiveVersion = 1;
	classes = {
	};
	objectVersion = 46;
	objects = {

/* Begin PBXBuildFile section */
		81F7B51F18A3150600F3E004 /* Foundation.framework in Frameworks */ = {isa = PBXBuildFile; fileRef = 81F7B51E18A3150600F3E004 /* Foundation.framework */; };
		81F7B52118A3150600F3E004 /* CoreGraphics.framework in Frameworks */ = {isa = PBXBuildFile; fileRef = 81F7B52018A3150600F3E004 /* CoreGraphics.framework */; };
		81F7B52318A3150600F3E004 /* UIKit.framework in Frameworks */ = {isa = PBXBuildFile; fileRef = 81F7B52218A3150600F3E004 /* UIKit.framework */; };
		81F7B52918A3150600F3E004 /* InfoPlist.strings in Resources */ = {isa = PBXBuildFile; fileRef = 81F7B52718A3150600F3E004 /* InfoPlist.strings */; };
		81F7B52B18A3150600F3E004 /* main.m in Sources */ = {isa = PBXBuildFile; fileRef = 81F7B52A18A3150600F3E004 /* main.m */; };
		81F7B52F18A3150600F3E004 /* AOCAppDelegate.m in Sources */ = {isa = PBXBuildFile; fileRef = 81F7B52E18A3150600F3E004 /* AOCAppDelegate.m */; };
		81F7B53218A3150600F3E004 /* Main.storyboard in Resources */ = {isa = PBXBuildFile; fileRef = 81F7B53018A3150600F3E004 /* Main.storyboard */; };
		81F7B53518A3150600F3E004 /* AOCViewController.m in Sources */ = {isa = PBXBuildFile; fileRef = 81F7B53418A3150600F3E004 /* AOCViewController.m */; };
		81F7B53718A3150600F3E004 /* Images.xcassets in Resources */ = {isa = PBXBuildFile; fileRef = 81F7B53618A3150600F3E004 /* Images.xcassets */; };
		81F7B53E18A3150600F3E004 /* XCTest.framework in Frameworks */ = {isa = PBXBuildFile; fileRef = 81F7B53D18A3150600F3E004 /* XCTest.framework */; };
		81F7B53F18A3150600F3E004 /* Foundation.framework in Frameworks */ = {isa = PBXBuildFile; fileRef = 81F7B51E18A3150600F3E004 /* Foundation.framework */; };
		81F7B54018A3150600F3E004 /* UIKit.framework in Frameworks */ = {isa = PBXBuildFile; fileRef = 81F7B52218A3150600F3E004 /* UIKit.framework */; };
		81F7B54818A3150600F3E004 /* InfoPlist.strings in Resources */ = {isa = PBXBuildFile; fileRef = 81F7B54618A3150600F3E004 /* InfoPlist.strings */; };
		81F7B54A18A3150600F3E004 /* YourCupTests.m in Sources */ = {isa = PBXBuildFile; fileRef = 81F7B54918A3150600F3E004 /* YourCupTests.m */; };
/* End PBXBuildFile section */

/* Begin PBXContainerItemProxy section */
		81F7B54118A3150600F3E004 /* PBXContainerItemProxy */ = {
			isa = PBXContainerItemProxy;
			containerPortal = 81F7B51318A3150600F3E004 /* Project object */;
			proxyType = 1;
			remoteGlobalIDString = 81F7B51A18A3150600F3E004;
			remoteInfo = YourCup;
		};
/* End PBXContainerItemProxy section */

/* Begin PBXFileReference section */
		81F7B51B18A3150600F3E004 /* YourCup.app */ = {isa = PBXFileReference; explicitFileType = wrapper.application; includeInIndex = 0; path = YourCup.app; sourceTree = BUILT_PRODUCTS_DIR; };
		81F7B51E18A3150600F3E004 /* Foundation.framework */ = {isa = PBXFileReference; lastKnownFileType = wrapper.framework; name = Foundation.framework; path = System/Library/Frameworks/Foundation.framework; sourceTree = SDKROOT; };
		81F7B52018A3150600F3E004 /* CoreGraphics.framework */ = {isa = PBXFileReference; lastKnownFileType = wrapper.framework; name = CoreGraphics.framework; path = System/Library/Frameworks/CoreGraphics.framework; sourceTree = SDKROOT; };
		81F7B52218A3150600F3E004 /* UIKit.framework */ = {isa = PBXFileReference; lastKnownFileType = wrapper.framework; name = UIKit.framework; path = System/Library/Frameworks/UIKit.framework; sourceTree = SDKROOT; };
		81F7B52618A3150600F3E004 /* YourCup-Info.plist */ = {isa = PBXFileReference; lastKnownFileType = text.plist.xml; path = "YourCup-Info.plist"; sourceTree = "<group>"; };
		81F7B52818A3150600F3E004 /* en */ = {isa = PBXFileReference; lastKnownFileType = text.plist.strings; name = en; path = en.lproj/InfoPlist.strings; sourceTree = "<group>"; };
		81F7B52A18A3150600F3E004 /* main.m */ = {isa = PBXFileReference; lastKnownFileType = sourcecode.c.objc; path = main.m; sourceTree = "<group>"; };
		81F7B52C18A3150600F3E004 /* YourCup-Prefix.pch */ = {isa = PBXFileReference; lastKnownFileType = sourcecode.c.h; path = "YourCup-Prefix.pch"; sourceTree = "<group>"; };
		81F7B52D18A3150600F3E004 /* AOCAppDelegate.h */ = {isa = PBXFileReference; lastKnownFileType = sourcecode.c.h; path = AOCAppDelegate.h; sourceTree = "<group>"; };
		81F7B52E18A3150600F3E004 /* AOCAppDelegate.m */ = {isa = PBXFileReference; lastKnownFileType = sourcecode.c.objc; path = AOCAppDelegate.m; sourceTree = "<group>"; };
		81F7B53118A3150600F3E004 /* Base */ = {isa = PBXFileReference; lastKnownFileType = file.storyboard; name = Base; path = Base.lproj/Main.storyboard; sourceTree = "<group>"; };
		81F7B53318A3150600F3E004 /* AOCViewController.h */ = {isa = PBXFileReference; lastKnownFileType = sourcecode.c.h; path = AOCViewController.h; sourceTree = "<group>"; };
		81F7B53418A3150600F3E004 /* AOCViewController.m */ = {isa = PBXFileReference; lastKnownFileType = sourcecode.c.objc; path = AOCViewController.m; sourceTree = "<group>"; };
		81F7B53618A3150600F3E004 /* Images.xcassets */ = {isa = PBXFileReference; lastKnownFileType = folder.assetcatalog; path = Images.xcassets; sourceTree = "<group>"; };
		81F7B53C18A3150600F3E004 /* YourCupTests.xctest */ = {isa = PBXFileReference; explicitFileType = wrapper.cfbundle; includeInIndex = 0; path = YourCupTests.xctest; sourceTree = BUILT_PRODUCTS_DIR; };
		81F7B53D18A3150600F3E004 /* XCTest.framework */ = {isa = PBXFileReference; lastKnownFileType = wrapper.framework; name = XCTest.framework; path = Library/Frameworks/XCTest.framework; sourceTree = DEVELOPER_DIR; };
		81F7B54518A3150600F3E004 /* YourCupTests-Info.plist */ = {isa = PBXFileReference; lastKnownFileType = text.plist.xml; path = "YourCupTests-Info.plist"; sourceTree = "<group>"; };
		81F7B54718A3150600F3E004 /* en */ = {isa = PBXFileReference; lastKnownFileType = text.plist.strings; name = en; path = en.lproj/InfoPlist.strings; sourceTree = "<group>"; };
		81F7B54918A3150600F3E004 /* YourCupTests.m */ = {isa = PBXFileReference; lastKnownFileType = sourcecode.c.objc; path = YourCupTests.m; sourceTree = "<group>"; };
/* End PBXFileReference section */

/* Begin PBXFrameworksBuildPhase section */
		81F7B51818A3150600F3E004 /* Frameworks */ = {
			isa = PBXFrameworksBuildPhase;
			buildActionMask = 2147483647;
			files = (
				81F7B52118A3150600F3E004 /* CoreGraphics.framework in Frameworks */,
				81F7B52318A3150600F3E004 /* UIKit.framework in Frameworks */,
				81F7B51F18A3150600F3E004 /* Foundation.framework in Frameworks */,
			);
			runOnlyForDeploymentPostprocessing = 0;
		};
		81F7B53918A3150600F3E004 /* Frameworks */ = {
			isa = PBXFrameworksBuildPhase;
			buildActionMask = 2147483647;
			files = (
				81F7B53E18A3150600F3E004 /* XCTest.framework in Frameworks */,
				81F7B54018A3150600F3E004 /* UIKit.framework in Frameworks */,
				81F7B53F18A3150600F3E004 /* Foundation.framework in Frameworks */,
			);
			runOnlyForDeploymentPostprocessing = 0;
		};
/* End PBXFrameworksBuildPhase section */

/* Begin PBXGroup section */
		81F7B51218A3150600F3E004 = {
			isa = PBXGroup;
			children = (
				81F7B52418A3150600F3E004 /* YourCup */,
				81F7B54318A3150600F3E004 /* YourCupTests */,
				81F7B51D18A3150600F3E004 /* Frameworks */,
				81F7B51C18A3150600F3E004 /* Products */,
			);
			sourceTree = "<group>";
		};
		81F7B51C18A3150600F3E004 /* Products */ = {
			isa = PBXGroup;
			children = (
				81F7B51B18A3150600F3E004 /* YourCup.app */,
				81F7B53C18A3150600F3E004 /* YourCupTests.xctest */,
			);
			name = Products;
			sourceTree = "<group>";
		};
		81F7B51D18A3150600F3E004 /* Frameworks */ = {
			isa = PBXGroup;
			children = (
				81F7B51E18A3150600F3E004 /* Foundation.framework */,
				81F7B52018A3150600F3E004 /* CoreGraphics.framework */,
				81F7B52218A3150600F3E004 /* UIKit.framework */,
				81F7B53D18A3150600F3E004 /* XCTest.framework */,
			);
			name = Frameworks;
			sourceTree = "<group>";
		};
		81F7B52418A3150600F3E004 /* YourCup */ = {
			isa = PBXGroup;
			children = (
				81F7B52D18A3150600F3E004 /* AOCAppDelegate.h */,
				81F7B52E18A3150600F3E004 /* AOCAppDelegate.m */,
				81F7B53018A3150600F3E004 /* Main.storyboard */,
				81F7B53318A3150600F3E004 /* AOCViewController.h */,
				81F7B53418A3150600F3E004 /* AOCViewController.m */,
				81F7B53618A3150600F3E004 /* Images.xcassets */,
				81F7B52518A3150600F3E004 /* Supporting Files */,
			);
			path = YourCup;
			sourceTree = "<group>";
		};
		81F7B52518A3150600F3E004 /* Supporting Files */ = {
			isa = PBXGroup;
			children = (
				81F7B52618A3150600F3E004 /* YourCup-Info.plist */,
				81F7B52718A3150600F3E004 /* InfoPlist.strings */,
				81F7B52A18A3150600F3E004 /* main.m */,
				81F7B52C18A3150600F3E004 /* YourCup-Prefix.pch */,
			);
			name = "Supporting Files";
			sourceTree = "<group>";
		};
		81F7B54318A3150600F3E004 /* YourCupTests */ = {
			isa = PBXGroup;
			children = (
				81F7B54918A3150600F3E004 /* YourCupTests.m */,
				81F7B54418A3150600F3E004 /* Supporting Files */,
			);
			path = YourCupTests;
			sourceTree = "<group>";
		};
		81F7B54418A3150600F3E004 /* Supporting Files */ = {
			isa = PBXGroup;
			children = (
				81F7B54518A3150600F3E004 /* YourCupTests-Info.plist */,
				81F7B54618A3150600F3E004 /* InfoPlist.strings */,
			);
			name = "Supporting Files";
			sourceTree = "<group>";
		};
/* End PBXGroup section */

/* Begin PBXNativeTarget section */
		81F7B51A18A3150600F3E004 /* YourCup */ = {
			isa = PBXNativeTarget;
			buildConfigurationList = 81F7B54D18A3150600F3E004 /* Build configuration list for PBXNativeTarget "YourCup" */;
			buildPhases = (
				81F7B51718A3150600F3E004 /* Sources */,
				81F7B51818A3150600F3E004 /* Frameworks */,
				81F7B51918A3150600F3E004 /* Resources */,
			);
			buildRules = (
			);
			dependencies = (
			);
			name = YourCup;
			productName = YourCup;
			productReference = 81F7B51B18A3150600F3E004 /* YourCup.app */;
			productType = "com.apple.product-type.application";
		};
		81F7B53B18A3150600F3E004 /* YourCupTests */ = {
			isa = PBXNativeTarget;
			buildConfigurationList = 81F7B55018A3150600F3E004 /* Build configuration list for PBXNativeTarget "YourCupTests" */;
			buildPhases = (
				81F7B53818A3150600F3E004 /* Sources */,
				81F7B53918A3150600F3E004 /* Frameworks */,
				81F7B53A18A3150600F3E004 /* Resources */,
			);
			buildRules = (
			);
			dependencies = (
				81F7B54218A3150600F3E004 /* PBXTargetDependency */,
			);
			name = YourCupTests;
			productName = YourCupTests;
			productReference = 81F7B53C18A3150600F3E004 /* YourCupTests.xctest */;
			productType = "com.apple.product-type.bundle.unit-test";
		};
/* End PBXNativeTarget section */

/* Begin PBXProject section */
		81F7B51318A3150600F3E004 /* Project object */ = {
			isa = PBXProject;
			attributes = {
				CLASSPREFIX = AOC;
				LastUpgradeCheck = 0500;
				ORGANIZATIONNAME = "Me Time Studios";
				TargetAttributes = {
					81F7B53B18A3150600F3E004 = {
						TestTargetID = 81F7B51A18A3150600F3E004;
					};
				};
			};
			buildConfigurationList = 81F7B51618A3150600F3E004 /* Build configuration list for PBXProject "YourCup" */;
			compatibilityVersion = "Xcode 3.2";
			developmentRegion = English;
			hasScannedForEncodings = 0;
			knownRegions = (
				en,
				Base,
			);
			mainGroup = 81F7B51218A3150600F3E004;
			productRefGroup = 81F7B51C18A3150600F3E004 /* Products */;
			projectDirPath = "";
			projectRoot = "";
			targets = (
				81F7B51A18A3150600F3E004 /* YourCup */,
				81F7B53B18A3150600F3E004 /* YourCupTests */,
			);
		};
/* End PBXProject section */

/* Begin PBXResourcesBuildPhase section */
		81F7B51918A3150600F3E004 /* Resources */ = {
			isa = PBXResourcesBuildPhase;
			buildActionMask = 2147483647;
			files = (
				81F7B53718A3150600F3E004 /* Images.xcassets in Resources */,
				81F7B52918A3150600F3E004 /* InfoPlist.strings in Resources */,
				81F7B53218A3150600F3E004 /* Main.storyboard in Resources */,
			);
			runOnlyForDeploymentPostprocessing = 0;
		};
		81F7B53A18A3150600F3E004 /* Resources */ = {
			isa = PBXResourcesBuildPhase;
			buildActionMask = 2147483647;
			files = (
				81F7B54818A3150600F3E004 /* InfoPlist.strings in Resources */,
			);
			runOnlyForDeploymentPostprocessing = 0;
		};
/* End PBXResourcesBuildPhase section */

/* Begin PBXSourcesBuildPhase section */
		81F7B51718A3150600F3E004 /* Sources */ = {
			isa = PBXSourcesBuildPhase;
			buildActionMask = 2147483647;
			files = (
				81F7B52F18A3150600F3E004 /* AOCAppDelegate.m in Sources */,
				81F7B53518A3150600F3E004 /* AOCViewController.m in Sources */,
				81F7B52B18A3150600F3E004 /* main.m in Sources */,
			);
			runOnlyForDeploymentPostprocessing = 0;
		};
		81F7B53818A3150600F3E004 /* Sources */ = {
			isa = PBXSourcesBuildPhase;
			buildActionMask = 2147483647;
			files = (
				81F7B54A18A3150600F3E004 /* YourCupTests.m in Sources */,
			);
			runOnlyForDeploymentPostprocessing = 0;
		};
/* End PBXSourcesBuildPhase section */

/* Begin PBXTargetDependency section */
		81F7B54218A3150600F3E004 /* PBXTargetDependency */ = {
			isa = PBXTargetDependency;
			target = 81F7B51A18A3150600F3E004 /* YourCup */;
			targetProxy = 81F7B54118A3150600F3E004 /* PBXContainerItemProxy */;
		};
/* End PBXTargetDependency section */

/* Begin PBXVariantGroup section */
		81F7B52718A3150600F3E004 /* InfoPlist.strings */ = {
			isa = PBXVariantGroup;
			children = (
				81F7B52818A3150600F3E004 /* en */,
			);
			name = InfoPlist.strings;
			sourceTree = "<group>";
		};
		81F7B53018A3150600F3E004 /* Main.storyboard */ = {
			isa = PBXVariantGroup;
			children = (
				81F7B53118A3150600F3E004 /* Base */,
			);
			name = Main.storyboard;
			sourceTree = "<group>";
		};
		81F7B54618A3150600F3E004 /* InfoPlist.strings */ = {
			isa = PBXVariantGroup;
			children = (
				81F7B54718A3150600F3E004 /* en */,
			);
			name = InfoPlist.strings;
			sourceTree = "<group>";
		};
/* End PBXVariantGroup section */

/* Begin XCBuildConfiguration section */
		81F7B54B18A3150600F3E004 /* Debug */ = {
			isa = XCBuildConfiguration;
			buildSettings = {
				ALWAYS_SEARCH_USER_PATHS = NO;
				ARCHS = "$(ARCHS_STANDARD_INCLUDING_64_BIT)";
				CLANG_CXX_LANGUAGE_STANDARD = "gnu++0x";
				CLANG_CXX_LIBRARY = "libc++";
				CLANG_ENABLE_MODULES = YES;
				CLANG_ENABLE_OBJC_ARC = YES;
				CLANG_WARN_BOOL_CONVERSION = YES;
				CLANG_WARN_CONSTANT_CONVERSION = YES;
				CLANG_WARN_DIRECT_OBJC_ISA_USAGE = YES_ERROR;
				CLANG_WARN_EMPTY_BODY = YES;
				CLANG_WARN_ENUM_CONVERSION = YES;
				CLANG_WARN_INT_CONVERSION = YES;
				CLANG_WARN_OBJC_ROOT_CLASS = YES_ERROR;
				CLANG_WARN__DUPLICATE_METHOD_MATCH = YES;
				"CODE_SIGN_IDENTITY[sdk=iphoneos*]" = "iPhone Developer";
				COPY_PHASE_STRIP = NO;
				GCC_C_LANGUAGE_STANDARD = gnu99;
				GCC_DYNAMIC_NO_PIC = NO;
				GCC_OPTIMIZATION_LEVEL = 0;
				GCC_PREPROCESSOR_DEFINITIONS = (
					"DEBUG=1",
					"$(inherited)",
				);
				GCC_SYMBOLS_PRIVATE_EXTERN = NO;
				GCC_WARN_64_TO_32_BIT_CONVERSION = YES;
				GCC_WARN_ABOUT_RETURN_TYPE = YES_ERROR;
				GCC_WARN_UNDECLARED_SELECTOR = YES;
				GCC_WARN_UNINITIALIZED_AUTOS = YES;
				GCC_WARN_UNUSED_FUNCTION = YES;
				GCC_WARN_UNUSED_VARIABLE = YES;
				IPHONEOS_DEPLOYMENT_TARGET = 7.0;
				ONLY_ACTIVE_ARCH = YES;
				SDKROOT = iphoneos;
			};
			name = Debug;
		};
		81F7B54C18A3150600F3E004 /* Release */ = {
			isa = XCBuildConfiguration;
			buildSettings = {
				ALWAYS_SEARCH_USER_PATHS = NO;
				ARCHS = "$(ARCHS_STANDARD_INCLUDING_64_BIT)";
				CLANG_CXX_LANGUAGE_STANDARD = "gnu++0x";
				CLANG_CXX_LIBRARY = "libc++";
				CLANG_ENABLE_MODULES = YES;
				CLANG_ENABLE_OBJC_ARC = YES;
				CLANG_WARN_BOOL_CONVERSION = YES;
				CLANG_WARN_CONSTANT_CONVERSION = YES;
				CLANG_WARN_DIRECT_OBJC_ISA_USAGE = YES_ERROR;
				CLANG_WARN_EMPTY_BODY = YES;
				CLANG_WARN_ENUM_CONVERSION = YES;
				CLANG_WARN_INT_CONVERSION = YES;
				CLANG_WARN_OBJC_ROOT_CLASS = YES_ERROR;
				CLANG_WARN__DUPLICATE_METHOD_MATCH = YES;
				"CODE_SIGN_IDENTITY[sdk=iphoneos*]" = "iPhone Developer";
				COPY_PHASE_STRIP = YES;
				ENABLE_NS_ASSERTIONS = NO;
				GCC_C_LANGUAGE_STANDARD = gnu99;
				GCC_WARN_64_TO_32_BIT_CONVERSION = YES;
				GCC_WARN_ABOUT_RETURN_TYPE = YES_ERROR;
				GCC_WARN_UNDECLARED_SELECTOR = YES;
				GCC_WARN_UNINITIALIZED_AUTOS = YES;
				GCC_WARN_UNUSED_FUNCTION = YES;
				GCC_WARN_UNUSED_VARIABLE = YES;
				IPHONEOS_DEPLOYMENT_TARGET = 7.0;
				SDKROOT = iphoneos;
				VALIDATE_PRODUCT = YES;
			};
			name = Release;
		};
		81F7B54E18A3150600F3E004 /* Debug */ = {
			isa = XCBuildConfiguration;
			buildSettings = {
				ASSETCATALOG_COMPILER_APPICON_NAME = AppIcon;
				ASSETCATALOG_COMPILER_LAUNCHIMAGE_NAME = LaunchImage;
				GCC_PRECOMPILE_PREFIX_HEADER = YES;
				GCC_PREFIX_HEADER = "YourCup/YourCup-Prefix.pch";
				INFOPLIST_FILE = "YourCup/YourCup-Info.plist";
				PRODUCT_NAME = "$(TARGET_NAME)";
				WRAPPER_EXTENSION = app;
			};
			name = Debug;
		};
		81F7B54F18A3150600F3E004 /* Release */ = {
			isa = XCBuildConfiguration;
			buildSettings = {
				ASSETCATALOG_COMPILER_APPICON_NAME = AppIcon;
				ASSETCATALOG_COMPILER_LAUNCHIMAGE_NAME = LaunchImage;
				GCC_PRECOMPILE_PREFIX_HEADER = YES;
				GCC_PREFIX_HEADER = "YourCup/YourCup-Prefix.pch";
				INFOPLIST_FILE = "YourCup/YourCup-Info.plist";
				PRODUCT_NAME = "$(TARGET_NAME)";
				WRAPPER_EXTENSION = app;
			};
			name = Release;
		};
		81F7B55118A3150600F3E004 /* Debug */ = {
			isa = XCBuildConfiguration;
			buildSettings = {
				ARCHS = "$(ARCHS_STANDARD_INCLUDING_64_BIT)";
				BUNDLE_LOADER = "$(BUILT_PRODUCTS_DIR)/YourCup.app/YourCup";
				FRAMEWORK_SEARCH_PATHS = (
					"$(SDKROOT)/Developer/Library/Frameworks",
					"$(inherited)",
					"$(DEVELOPER_FRAMEWORKS_DIR)",
				);
				GCC_PRECOMPILE_PREFIX_HEADER = YES;
				GCC_PREFIX_HEADER = "YourCup/YourCup-Prefix.pch";
				GCC_PREPROCESSOR_DEFINITIONS = (
					"DEBUG=1",
					"$(inherited)",
				);
				INFOPLIST_FILE = "YourCupTests/YourCupTests-Info.plist";
				PRODUCT_NAME = "$(TARGET_NAME)";
				TEST_HOST = "$(BUNDLE_LOADER)";
				WRAPPER_EXTENSION = xctest;
			};
			name = Debug;
		};
		81F7B55218A3150600F3E004 /* Release */ = {
			isa = XCBuildConfiguration;
			buildSettings = {
				ARCHS = "$(ARCHS_STANDARD_INCLUDING_64_BIT)";
				BUNDLE_LOADER = "$(BUILT_PRODUCTS_DIR)/YourCup.app/YourCup";
				FRAMEWORK_SEARCH_PATHS = (
					"$(SDKROOT)/Developer/Library/Frameworks",
					"$(inherited)",
					"$(DEVELOPER_FRAMEWORKS_DIR)",
				);
				GCC_PRECOMPILE_PREFIX_HEADER = YES;
				GCC_PREFIX_HEADER = "YourCup/YourCup-Prefix.pch";
				INFOPLIST_FILE = "YourCupTests/YourCupTests-Info.plist";
				PRODUCT_NAME = "$(TARGET_NAME)";
				TEST_HOST = "$(BUNDLE_LOADER)";
				WRAPPER_EXTENSION = xctest;
			};
			name = Release;
		};
/* End XCBuildConfiguration section */

/* Begin XCConfigurationList section */
		81F7B51618A3150600F3E004 /* Build configuration list for PBXProject "YourCup" */ = {
			isa = XCConfigurationList;
			buildConfigurations = (
				81F7B54B18A3150600F3E004 /* Debug */,
				81F7B54C18A3150600F3E004 /* Release */,
			);
			defaultConfigurationIsVisible = 0;
			defaultConfigurationName = Release;
		};
		81F7B54D18A3150600F3E004 /* Build configuration list for PBXNativeTarget "YourCup" */ = {
			isa = XCConfigurationList;
			buildConfigurations = (
				81F7B54E18A3150600F3E004 /* Debug */,
				81F7B54F18A3150600F3E004 /* Release */,
			);
			defaultConfigurationIsVisible = 0;
		};
		81F7B55018A3150600F3E004 /* Build configuration list for PBXNativeTarget "YourCupTests" */ = {
			isa = XCConfigurationList;
			buildConfigurations = (
				81F7B55118A3150600F3E004 /* Debug */,
				81F7B55218A3150600F3E004 /* Release */,
			);
			defaultConfigurationIsVisible = 0;
		};
/* End XCConfigurationList section */
	};
	rootObject = 81F7B51318A3150600F3E004 /* Project object */;
}
